
Microsoft Visual Studio Solution File, Format Version 12.00
# Visual Studio 15
VisualStudioVersion = 15.0.28010.2050
MinimumVisualStudioVersion = 10.0.40219.1
Project("{FAE04EC0-301F-11D3-BF4B-00C04F79EFBC}") = "dam.di.examen.t456", "dam.di.examen.t456\dam.di.examen.t456.csproj", "{741CC0B7-8224-42E4-B77F-4D3761604D59}"
EndProject
Global
	GlobalSection(SolutionConfigurationPlatforms) = preSolution
		Debug|Any CPU = Debug|Any CPU
		Release|Any CPU = Release|Any CPU
	EndGlobalSection
	GlobalSection(ProjectConfigurationPlatforms) = postSolution
		{741CC0B7-8224-42E4-B77F-4D3761604D59}.Debug|Any CPU.ActiveCfg = Debug|Any CPU
		{741CC0B7-8224-42E4-B77F-4D3761604D59}.Debug|Any CPU.Build.0 = Debug|Any CPU
		{741CC0B7-8224-42E4-B77F-4D3761604D59}.Release|Any CPU.ActiveCfg = Release|Any CPU
		{741CC0B7-8224-42E4-B77F-4D3761604D59}.Release|Any CPU.Build.0 = Release|Any CPU
	EndGlobalSection
	GlobalSection(SolutionProperties) = preSolution
		HideSolutionNode = FALSE
	EndGlobalSection
	GlobalSection(ExtensibilityGlobals) = postSolution
		SolutionGuid = {1C8D4E86-C35C-482F-92A6-1F2AC613F5DB}
	EndGlobalSection
EndGlobal
