
Microsoft Visual Studio Solution File, Format Version 12.00
# Visual Studio 15
VisualStudioVersion = 15.0.28307.421
MinimumVisualStudioVersion = 10.0.40219.1
Project("{FAE04EC0-301F-11D3-BF4B-00C04F79EFBC}") = "examen.dam.di.21", "examen.dam.di.21\examen.dam.di.21.csproj", "{3BC1A86D-C41E-4677-9929-EBA077ACEF64}"
EndProject
Global
	GlobalSection(SolutionConfigurationPlatforms) = preSolution
		Debug|Any CPU = Debug|Any CPU
		Release|Any CPU = Release|Any CPU
	EndGlobalSection
	GlobalSection(ProjectConfigurationPlatforms) = postSolution
		{3BC1A86D-C41E-4677-9929-EBA077ACEF64}.Debug|Any CPU.ActiveCfg = Debug|Any CPU
		{3BC1A86D-C41E-4677-9929-EBA077ACEF64}.Debug|Any CPU.Build.0 = Debug|Any CPU
		{3BC1A86D-C41E-4677-9929-EBA077ACEF64}.Release|Any CPU.ActiveCfg = Release|Any CPU
		{3BC1A86D-C41E-4677-9929-EBA077ACEF64}.Release|Any CPU.Build.0 = Release|Any CPU
	EndGlobalSection
	GlobalSection(SolutionProperties) = preSolution
		HideSolutionNode = FALSE
	EndGlobalSection
	GlobalSection(ExtensibilityGlobals) = postSolution
		SolutionGuid = {7904CCE8-FD3C-4906-8F1C-B63E1A0532FD}
	EndGlobalSection
EndGlobal
