
Microsoft Visual Studio Solution File, Format Version 12.00
# Visual Studio 15
VisualStudioVersion = 15.0.28010.2041
MinimumVisualStudioVersion = 10.0.40219.1
Project("{FAE04EC0-301F-11D3-BF4B-00C04F79EFBC}") = "ejercicio8.Code.tema2.di.dam", "ejercicio8.Code.tema2.di.dam\ejercicio8.Code.tema2.di.dam.csproj", "{D53D0F0A-EE2F-4C9B-AD59-DB303FE9524F}"
EndProject
Global
	GlobalSection(SolutionConfigurationPlatforms) = preSolution
		Debug|Any CPU = Debug|Any CPU
		Release|Any CPU = Release|Any CPU
	EndGlobalSection
	GlobalSection(ProjectConfigurationPlatforms) = postSolution
		{D53D0F0A-EE2F-4C9B-AD59-DB303FE9524F}.Debug|Any CPU.ActiveCfg = Debug|Any CPU
		{D53D0F0A-EE2F-4C9B-AD59-DB303FE9524F}.Debug|Any CPU.Build.0 = Debug|Any CPU
		{D53D0F0A-EE2F-4C9B-AD59-DB303FE9524F}.Release|Any CPU.ActiveCfg = Release|Any CPU
		{D53D0F0A-EE2F-4C9B-AD59-DB303FE9524F}.Release|Any CPU.Build.0 = Release|Any CPU
	EndGlobalSection
	GlobalSection(SolutionProperties) = preSolution
		HideSolutionNode = FALSE
	EndGlobalSection
	GlobalSection(ExtensibilityGlobals) = postSolution
		SolutionGuid = {CBD1182C-6246-444E-8A1D-E5312BFFD33E}
	EndGlobalSection
EndGlobal
